
Microsoft Visual Studio Solution File, Format Version 12.00
# Visual Studio 14
VisualStudioVersion = 14.0.25123.0
MinimumVisualStudioVersion = 10.0.40219.1
Project("{FAE04EC0-301F-11D3-BF4B-00C04F79EFBC}") = "Cyclops Synchronizer", "Cyclops Synchronizer\Cyclops Synchronizer.csproj", "{A7B1A9CB-D133-463A-B7A0-9D97AD977A1B}"
EndProject
Project("{6141683F-8A12-4E36-9623-2EB02B2C2303}") = "Setup Cyclops Synchronizer", "Setup Cyclops Synchronizer\Setup Cyclops Synchronizer.isproj", "{AB90CEE6-9409-479F-8D18-03C883429A37}"
EndProject
Global
	GlobalSection(SolutionConfigurationPlatforms) = preSolution
		CD_ROM|Any CPU = CD_ROM|Any CPU
		Debug|Any CPU = Debug|Any CPU
		DVD-5|Any CPU = DVD-5|Any CPU
		Release|Any CPU = Release|Any CPU
		SingleImage|Any CPU = SingleImage|Any CPU
	EndGlobalSection
	GlobalSection(ProjectConfigurationPlatforms) = postSolution
		{A7B1A9CB-D133-463A-B7A0-9D97AD977A1B}.CD_ROM|Any CPU.ActiveCfg = Release|Any CPU
		{A7B1A9CB-D133-463A-B7A0-9D97AD977A1B}.CD_ROM|Any CPU.Build.0 = Release|Any CPU
		{A7B1A9CB-D133-463A-B7A0-9D97AD977A1B}.Debug|Any CPU.ActiveCfg = Debug|Any CPU
		{A7B1A9CB-D133-463A-B7A0-9D97AD977A1B}.Debug|Any CPU.Build.0 = Debug|Any CPU
		{A7B1A9CB-D133-463A-B7A0-9D97AD977A1B}.DVD-5|Any CPU.ActiveCfg = Debug|Any CPU
		{A7B1A9CB-D133-463A-B7A0-9D97AD977A1B}.DVD-5|Any CPU.Build.0 = Debug|Any CPU
		{A7B1A9CB-D133-463A-B7A0-9D97AD977A1B}.Release|Any CPU.ActiveCfg = Release|Any CPU
		{A7B1A9CB-D133-463A-B7A0-9D97AD977A1B}.Release|Any CPU.Build.0 = Release|Any CPU
		{A7B1A9CB-D133-463A-B7A0-9D97AD977A1B}.SingleImage|Any CPU.ActiveCfg = Release|Any CPU
		{A7B1A9CB-D133-463A-B7A0-9D97AD977A1B}.SingleImage|Any CPU.Build.0 = Release|Any CPU
		{AB90CEE6-9409-479F-8D18-03C883429A37}.CD_ROM|Any CPU.ActiveCfg = CD_ROM
		{AB90CEE6-9409-479F-8D18-03C883429A37}.CD_ROM|Any CPU.Build.0 = CD_ROM
		{AB90CEE6-9409-479F-8D18-03C883429A37}.Debug|Any CPU.ActiveCfg = DVD-5
		{AB90CEE6-9409-479F-8D18-03C883429A37}.Debug|Any CPU.Build.0 = DVD-5
		{AB90CEE6-9409-479F-8D18-03C883429A37}.DVD-5|Any CPU.ActiveCfg = DVD-5
		{AB90CEE6-9409-479F-8D18-03C883429A37}.DVD-5|Any CPU.Build.0 = DVD-5
		{AB90CEE6-9409-479F-8D18-03C883429A37}.Release|Any CPU.ActiveCfg = SingleImage
		{AB90CEE6-9409-479F-8D18-03C883429A37}.Release|Any CPU.Build.0 = SingleImage
		{AB90CEE6-9409-479F-8D18-03C883429A37}.SingleImage|Any CPU.ActiveCfg = SingleImage
		{AB90CEE6-9409-479F-8D18-03C883429A37}.SingleImage|Any CPU.Build.0 = SingleImage
	EndGlobalSection
	GlobalSection(SolutionProperties) = preSolution
		HideSolutionNode = FALSE
	EndGlobalSection
EndGlobal
